
Microsoft Visual Studio Solution File, Format Version 12.00
# Visual Studio Version 17
VisualStudioVersion = 17.8.34511.84
MinimumVisualStudioVersion = 10.0.40219.1
Project("{FAE04EC0-301F-11D3-BF4B-00C04F79EFBC}") = "DBMigrations", "DBMigrations\DBMigrations.csproj", "{24D41123-BF52-4C25-B829-3E411807B194}"
EndProject
Global
	GlobalSection(SolutionConfigurationPlatforms) = preSolution
		Debug|Any CPU = Debug|Any CPU
		Release|Any CPU = Release|Any CPU
	EndGlobalSection
	GlobalSection(ProjectConfigurationPlatforms) = postSolution
		{24D41123-BF52-4C25-B829-3E411807B194}.Debug|Any CPU.ActiveCfg = Debug|Any CPU
		{24D41123-BF52-4C25-B829-3E411807B194}.Debug|Any CPU.Build.0 = Debug|Any CPU
		{24D41123-BF52-4C25-B829-3E411807B194}.Release|Any CPU.ActiveCfg = Release|Any CPU
		{24D41123-BF52-4C25-B829-3E411807B194}.Release|Any CPU.Build.0 = Release|Any CPU
	EndGlobalSection
	GlobalSection(SolutionProperties) = preSolution
		HideSolutionNode = FALSE
	EndGlobalSection
	GlobalSection(ExtensibilityGlobals) = postSolution
		SolutionGuid = {B2A80FFA-136A-41A9-99BD-A138F8104C8F}
	EndGlobalSection
EndGlobal
