
Microsoft Visual Studio Solution File, Format Version 12.00
# Visual Studio Version 17
VisualStudioVersion = 17.8.34511.84
MinimumVisualStudioVersion = 10.0.40219.1
Project("{FAE04EC0-301F-11D3-BF4B-00C04F79EFBC}") = "Schema Migrations Assignment", "Schema Migrations Assignment2\Schema Migrations Assignment.csproj", "{587F977B-53E1-43C8-8EA1-CB73C5DDE324}"
EndProject
Global
	GlobalSection(SolutionConfigurationPlatforms) = preSolution
		Debug|Any CPU = Debug|Any CPU
		Release|Any CPU = Release|Any CPU
	EndGlobalSection
	GlobalSection(ProjectConfigurationPlatforms) = postSolution
		{587F977B-53E1-43C8-8EA1-CB73C5DDE324}.Debug|Any CPU.ActiveCfg = Debug|Any CPU
		{587F977B-53E1-43C8-8EA1-CB73C5DDE324}.Debug|Any CPU.Build.0 = Debug|Any CPU
		{587F977B-53E1-43C8-8EA1-CB73C5DDE324}.Release|Any CPU.ActiveCfg = Release|Any CPU
		{587F977B-53E1-43C8-8EA1-CB73C5DDE324}.Release|Any CPU.Build.0 = Release|Any CPU
	EndGlobalSection
	GlobalSection(SolutionProperties) = preSolution
		HideSolutionNode = FALSE
	EndGlobalSection
	GlobalSection(ExtensibilityGlobals) = postSolution
		SolutionGuid = {B2A80FFA-136A-41A9-99BD-A138F8104C8F}
	EndGlobalSection
EndGlobal
